
Microsoft Visual Studio Solution File, Format Version 12.00
# Visual Studio Version 17
VisualStudioVersion = 17.3.32929.385
MinimumVisualStudioVersion = 10.0.40219.1
Project("{FAE04EC0-301F-11D3-BF4B-00C04F79EFBC}") = "AttractiveLoginForm", "AttractiveLoginForm\AttractiveLoginForm.csproj", "{69B170FD-6C0C-4D62-A736-4CF2044A7D4F}"
EndProject
Global
	GlobalSection(SolutionConfigurationPlatforms) = preSolution
		Debug|Any CPU = Debug|Any CPU
		Release|Any CPU = Release|Any CPU
	EndGlobalSection
	GlobalSection(ProjectConfigurationPlatforms) = postSolution
		{69B170FD-6C0C-4D62-A736-4CF2044A7D4F}.Debug|Any CPU.ActiveCfg = Debug|Any CPU
		{69B170FD-6C0C-4D62-A736-4CF2044A7D4F}.Debug|Any CPU.Build.0 = Debug|Any CPU
		{69B170FD-6C0C-4D62-A736-4CF2044A7D4F}.Release|Any CPU.ActiveCfg = Release|Any CPU
		{69B170FD-6C0C-4D62-A736-4CF2044A7D4F}.Release|Any CPU.Build.0 = Release|Any CPU
	EndGlobalSection
	GlobalSection(SolutionProperties) = preSolution
		HideSolutionNode = FALSE
	EndGlobalSection
	GlobalSection(ExtensibilityGlobals) = postSolution
		SolutionGuid = {717D92CC-FF87-4737-A2D9-550B77C15664}
	EndGlobalSection
EndGlobal
